
Microsoft Visual Studio Solution File, Format Version 12.00
# Visual Studio Version 18
VisualStudioVersion = 18.2.11408.102 d18.0
MinimumVisualStudioVersion = 10.0.40219.1
Project("{FAE04EC0-301F-11D3-BF4B-00C04F79EFBC}") = "DefenseTower", "DefenseTower.csproj", "{DC75999C-5E03-287A-B3D4-14C95A41AC03}"
EndProject
Global
	GlobalSection(SolutionConfigurationPlatforms) = preSolution
		Debug|Any CPU = Debug|Any CPU
		Release|Any CPU = Release|Any CPU
	EndGlobalSection
	GlobalSection(ProjectConfigurationPlatforms) = postSolution
		{DC75999C-5E03-287A-B3D4-14C95A41AC03}.Debug|Any CPU.ActiveCfg = Debug|Any CPU
		{DC75999C-5E03-287A-B3D4-14C95A41AC03}.Debug|Any CPU.Build.0 = Debug|Any CPU
		{DC75999C-5E03-287A-B3D4-14C95A41AC03}.Debug|Any CPU.Deploy.0 = Debug|Any CPU
		{DC75999C-5E03-287A-B3D4-14C95A41AC03}.Release|Any CPU.ActiveCfg = Release|Any CPU
		{DC75999C-5E03-287A-B3D4-14C95A41AC03}.Release|Any CPU.Build.0 = Release|Any CPU
		{DC75999C-5E03-287A-B3D4-14C95A41AC03}.Release|Any CPU.Deploy.0 = Release|Any CPU
	EndGlobalSection
	GlobalSection(SolutionProperties) = preSolution
		HideSolutionNode = FALSE
	EndGlobalSection
	GlobalSection(ExtensibilityGlobals) = postSolution
		SolutionGuid = {D482CE68-58FA-4C57-A1E8-19EC9405CF55}
	EndGlobalSection
EndGlobal
